buf.build/gen/go/bufbuild/protovalidate/protocolbuffers/go v1.34.2-20240717164558-a6c49f84cc0f.2 h1:SZRVx928rbYZ6hEKUIN+vtGDkl7uotABRWGY4OAg5gM=
buf.build/gen/go/bufbuild/protovalidate/protocolbuffers/go v1.34.2-20240717164558-a6c49f84cc0f.2/go.mod h1:ylS4c28ACSI59oJrOdW4pHS4n0Hw4TgSPHn8rpHl4Yw=
buf.build/gen/go/bufbuild/registry/protocolbuffers/go v1.34.2-20240801134127-09fbc17f7c9e.2 h1:7fUEOBrfNd50BMAls2tLn9RhttbDIfxRXML99YaLqKY=
buf.build/gen/go/bufbuild/registry/protocolbuffers/go v1.34.2-20240801134127-09fbc17f7c9e.2/go.mod h1:psseUmlKRo9v5LZJtR/aTpdTLuyp9o3X7rnLT87SZEo=
buf.build/gen/go/connectrpc/eliza/protocolbuffers/go v1.34.2-20230913231627-233fca715f49.2 h1:MRFJzeVcpEWZdqUXouRAAIEJp0ezDwT9AFDfBqZb4i4=
buf.build/gen/go/connectrpc/eliza/protocolbuffers/go v1.34.2-20230913231627-233fca715f49.2/go.mod h1:vrT2EnCJnudBmUK0GhdEQ1vIs5vo0Md3LzBSVwinzKE=
buf.build/gen/go/gogo/protobuf/protocolbuffers/go v1.34.2-20220704150332-5461a3dfa9d9.2 h1:SlmVUenJFLwENAaPHIkomCquF2osFVWgMofdQVxUavU=
buf.build/gen/go/gogo/protobuf/protocolbuffers/go v1.34.2-20220704150332-5461a3dfa9d9.2/go.mod h1:rJqYuVV191Hsy11TiP657KLsJQxhzLAg5j5jCYfljvw=
buf.build/gen/go/kubernetes/cri-api/protocolbuffers/go v1.34.2-20231226185118-eb1c8c6aca91.2 h1:8tgQrys/QXZqHLtyotfdr3hsmrfIye7z2Ub5y02o4IE=
buf.build/gen/go/kubernetes/cri-api/protocolbuffers/go v1.34.2-20231226185118-eb1c8c6aca91.2/go.mod h1:Q4RzAAu6h2Rl+CpFTk9ksLdXHF1amKfBqWkbF4bwmFA=
github.com/brianvoe/gofakeit/v7 v7.0.4 h1:Mkxwz9jYg8Ad8NvT9HA27pCMZGFQo08MK6jD0QTKEww=
github.com/brianvoe/gofakeit/v7 v7.0.4/go.mod h1:QXuPeBw164PJCzCUZVmgpgHJ3Llj49jSLVkKPMtxtxA=
github.com/bufbuild/protocompile v0.14.0 h1:z3DW4IvXE5G/uTOnSQn+qwQQxvhckkTWLS/0No/o7KU=
github.com/bufbuild/protocompile v0.14.0/go.mod h1:N6J1NYzkspJo3ZwyL4Xjvli86XOj1xq4qAasUFxGups=
github.com/bufbuild/protovalidate-go v0.6.3 h1:wxQyzW035zM16Binbaz/nWAzS12dRIXhZdSUWRY7Fv0=
github.com/bufbuild/protovalidate-go v0.6.3/go.mod h1:J4PtwP9Z2YAGgB0+o+tTWEDtLtXvz/gfhFZD8pbzM/U=
github.com/davecgh/go-spew v1.1.1 h1:vj9j/u1bqnvCEfJOwUhtlOARqs3+rkHYY13jYWTU97c=
github.com/davecgh/go-spew v1.1.1/go.mod h1:J7Y8YcW2NihsgmVo/mv3lAwl/skON4iLHjSsI+c5H38=
github.com/google/go-cmp v0.5.5 h1:Khx7svrCpmxxtHBq5j2mp/xVjsi8hQMfNLvJFAlrGgU=
github.com/google/go-cmp v0.5.5/go.mod h1:v8dTdLbMG2kIc/vJvl+f65V22dbkXbowE6jgT/gNBxE=
github.com/pmezard/go-difflib v1.0.0 h1:4DBwDE0NGyQoBHbLQYPwSUPoCMWR5BEzIk/f1lZbAQM=
github.com/pmezard/go-difflib v1.0.0/go.mod h1:iKH77koFhYxTK1pcRnkKkqfTogsbg7gZNVY4sRDYZ/4=
github.com/stretchr/testify v1.9.0 h1:HtqpIVDClZ4nwg75+f6Lvsy/wHu+3BoSGCbBAcpTsTg=
github.com/stretchr/testify v1.9.0/go.mod h1:r2ic/lqez/lEtzL7wO/rwa5dbSLXVDPFyf8C91i36aY=
golang.org/x/xerrors v0.0.0-20191204190536-9bdfabe68543 h1:E7g+9GITq07hpfrRu66IVDexMakfv52eLZ2CXBWiKr4=
golang.org/x/xerrors v0.0.0-20191204190536-9bdfabe68543/go.mod h1:I/5z698sn9Ka8TeJc9MKroUUfqBBauWjQqLJ2OPfmY0=
google.golang.org/protobuf v1.34.2 h1:6xV6lTsCfpGD21XK49h7MhtcApnLqkfYgPcdHftf6hg=
google.golang.org/protobuf v1.34.2/go.mod h1:qYOHts0dSfpeUzUFpOMr/WGzszTmLH+DiWniOlNbLDw=
gopkg.in/yaml.v3 v3.0.1 h1:fxVm/GzAzEWqLHuvctI91KS9hhNmmWOoWu0XTYJS7CA=
gopkg.in/yaml.v3 v3.0.1/go.mod h1:K4uyk7z7BCEPqu6E+C64Yfv1cQ7kz7rIZviUmN+EgEM=
